{
  "name": "2-css",
  "version": "1.0.0",
  "lockfileVersion": 3,
  "requires": true,
  "packages": {
    "": {
      "name": "2-css",
      "version": "1.0.0",
      "license": "ISC",
      "dependencies": {
        "animate.css": "^4.1.1",
        "bootstrap-icons": "^1.10.5"
      }
    },
    "node_modules/animate.css": {
      "version": "4.1.1",
      "resolved": "https://registry.npmjs.org/animate.css/-/animate.css-4.1.1.tgz",
      "integrity": "sha512-+mRmCTv6SbCmtYJCN4faJMNFVNN5EuCTTprDTAo7YzIGji2KADmakjVA3+8mVDkZ2Bf09vayB35lSQIex2+QaQ=="
    },
    "node_modules/bootstrap-icons": {
      "version": "1.10.5",
      "resolved": "https://registry.npmjs.org/bootstrap-icons/-/bootstrap-icons-1.10.5.tgz",
      "integrity": "sha512-oSX26F37V7QV7NCE53PPEL45d7EGXmBgHG3pDpZvcRaKVzWMqIRL9wcqJUyEha1esFtM3NJzvmxFXDxjJYD0jQ==",
      "funding": [
        {
          "type": "github",
          "url": "https://github.com/sponsors/twbs"
        },
        {
          "type": "opencollective",
          "url": "https://opencollective.com/bootstrap"
        }
      ]
    }
  }
}
